
Microsoft Visual Studio Solution File, Format Version 12.00
# Visual Studio 15
Project("{FAE04EC0-301F-11D3-BF4B-00C04F79EFBC}") = "Assembly-CSharp", "Assembly-CSharp.csproj", "{48E6EC6A-63CA-262F-0597-C773FC83EBE6}"
EndProject
Project("{FAE04EC0-301F-11D3-BF4B-00C04F79EFBC}") = "Assembly-CSharp-Editor", "Assembly-CSharp-Editor.csproj", "{4707A451-67F9-0A50-7CA6-D1A51097264D}"
EndProject
Global
	GlobalSection(SolutionConfigurationPlatforms) = preSolution
		Debug|Any CPU = Debug|Any CPU
		Release|Any CPU = Release|Any CPU
	EndGlobalSection
	GlobalSection(ProjectConfigurationPlatforms) = postSolution
		{48E6EC6A-63CA-262F-0597-C773FC83EBE6}.Debug|Any CPU.ActiveCfg = Debug|Any CPU
		{48E6EC6A-63CA-262F-0597-C773FC83EBE6}.Debug|Any CPU.Build.0 = Debug|Any CPU
		{48E6EC6A-63CA-262F-0597-C773FC83EBE6}.Release|Any CPU.ActiveCfg = Release|Any CPU
		{48E6EC6A-63CA-262F-0597-C773FC83EBE6}.Release|Any CPU.Build.0 = Release|Any CPU
		{4707A451-67F9-0A50-7CA6-D1A51097264D}.Debug|Any CPU.ActiveCfg = Debug|Any CPU
		{4707A451-67F9-0A50-7CA6-D1A51097264D}.Debug|Any CPU.Build.0 = Debug|Any CPU
		{4707A451-67F9-0A50-7CA6-D1A51097264D}.Release|Any CPU.ActiveCfg = Release|Any CPU
		{4707A451-67F9-0A50-7CA6-D1A51097264D}.Release|Any CPU.Build.0 = Release|Any CPU
	EndGlobalSection
	GlobalSection(SolutionProperties) = preSolution
		HideSolutionNode = FALSE
	EndGlobalSection
EndGlobal
